
Microsoft Visual Studio Solution File, Format Version 12.00
# Visual Studio Version 17
VisualStudioVersion = 17.7.34221.43
MinimumVisualStudioVersion = 10.0.40219.1
Project("{FAE04EC0-301F-11D3-BF4B-00C04F79EFBC}") = "ChemistryQuizTest", "ChemistryQuizTest\ChemistryQuizTest.csproj", "{51D14735-9EAD-4BEA-84D7-1F14DD4B1613}"
EndProject
Global
	GlobalSection(SolutionConfigurationPlatforms) = preSolution
		Debug|Any CPU = Debug|Any CPU
		Release|Any CPU = Release|Any CPU
	EndGlobalSection
	GlobalSection(ProjectConfigurationPlatforms) = postSolution
		{51D14735-9EAD-4BEA-84D7-1F14DD4B1613}.Debug|Any CPU.ActiveCfg = Debug|Any CPU
		{51D14735-9EAD-4BEA-84D7-1F14DD4B1613}.Debug|Any CPU.Build.0 = Debug|Any CPU
		{51D14735-9EAD-4BEA-84D7-1F14DD4B1613}.Release|Any CPU.ActiveCfg = Release|Any CPU
		{51D14735-9EAD-4BEA-84D7-1F14DD4B1613}.Release|Any CPU.Build.0 = Release|Any CPU
	EndGlobalSection
	GlobalSection(SolutionProperties) = preSolution
		HideSolutionNode = FALSE
	EndGlobalSection
	GlobalSection(ExtensibilityGlobals) = postSolution
		SolutionGuid = {5CDB5E56-AE39-4CEB-B3C9-E5E6995D06BF}
	EndGlobalSection
EndGlobal
